dependencies:
  espp/base_component:
    component_hash: 569d8a4c2520fbb8f9c79ddd772e278506c80099e218599c602a8891bb995bf9
    dependencies:
    - name: espp/logger
      registry_url: https://components.espressif.com
      require: private
      version: '>=1.0'
    - name: idf
      require: private
      version: '>=5.0'
    source:
      registry_url: https://components.espressif.com
      type: service
    version: 1.0.33
  espp/base_peripheral:
    component_hash: e9d1f27fa9346541b76aebb7dbf6150284cc600ac8019e208f600f6afac49990
    dependencies:
    - name: espp/base_component
      registry_url: https://components.espressif.com
      require: private
      version: '>=1.0'
    - name: idf
      require: private
      version: '>=5.0'
    source:
      registry_url: https://components.espressif.com
      type: service
    version: 1.0.33
  espp/ble_gatt_server:
    component_hash: 1cd41c84739adfa13fff289ba91ff38ba6cb34fd19a2e6fd77068897d2bb7f53
    dependencies:
    - name: espp/base_component
      registry_url: https://components.espressif.com
      require: private
      version: '>=1.0'
    - name: espp/cli
      registry_url: https://components.espressif.com
      require: private
      version: '>=1.0'
    - name: h2zero/esp-nimble-cpp
      registry_url: https://components.espressif.com
      require: private
      version: '>=2.3.0'
    - name: idf
      require: private
      version: '>=5.4'
    source:
      registry_url: https://components.espressif.com/
      type: service
    version: 1.0.33
  espp/cli:
    component_hash: 763f9ceab9f054704a99748f3cdff2d2ec982cb1b4af7d5e45d86cb58ccf7004
    dependencies:
    - name: espp/logger
      registry_url: https://components.espressif.com
      require: private
      version: '>=1.0'
    - name: idf
      require: private
      version: '>=5.0'
    source:
      registry_url: https://components.espressif.com
      type: service
    version: 1.0.33
  espp/filters:
    component_hash: f83a01136c6fbe98b9723d7f1d1da727c74c0d09d06835ec629bee350b8e2d25
    dependencies:
    - name: espp/format
      registry_url: https://components.espressif.com
      require: private
      version: '>=1.0'
    - name: espp/math
      registry_url: https://components.espressif.com
      require: private
      version: '>=1.0'
    - name: espressif/esp-dsp
      registry_url: https://components.espressif.com
      require: private
      version: '>=1.6.4'
    - name: idf
      require: private
      version: '>=5.0'
    source:
      registry_url: https://components.espressif.com/
      type: service
    version: 1.0.33
  espp/format:
    component_hash: 9723eeb2cadb7191255337320f51edec7b300c648d98aa4ab92e93365297acc4
    dependencies:
    - name: idf
      require: private
      version: '>=5.0'
    source:
      registry_url: https://components.espressif.com
      type: service
    version: 1.0.33
  espp/i2c:
    component_hash: 66e7bed404e7133bccf77131487528ed31b5d8970732cf6f2aa0341b9ffe22c4
    dependencies:
    - name: espp/base_component
      registry_url: https://components.espressif.com
      require: private
      version: '>=1.0'
    - name: espp/cli
      registry_url: https://components.espressif.com
      require: private
      version: '>=1.0'
    - name: espp/task
      registry_url: https://components.espressif.com
      require: private
      version: '>=1.0'
    - name: idf
      require: private
      version: '>=5.0'
    source:
      registry_url: https://components.espressif.com/
      type: service
    version: 1.0.33
  espp/icm20948:
    component_hash: 877537a7fca30569179ab62f44ef62f02e5cb77ddd6c7e70fdb6946701332062
    dependencies:
    - name: espp/base_peripheral
      registry_url: https://components.espressif.com
      require: private
      version: '>=1.0'
    - name: espp/math
      registry_url: https://components.espressif.com
      require: private
      version: '>=1.0'
    - name: espp/utils
      registry_url: https://components.espressif.com
      require: private
      version: '>=1.0'
    - name: idf
      require: private
      version: '>=5.0'
    source:
      registry_url: https://components.espressif.com/
      type: service
    version: 1.0.33
  espp/logger:
    component_hash: 91bc16342ba44200df5b56977270921a863e3447d3c94049a75e30b8d515b34d
    dependencies:
    - name: espp/format
      registry_url: https://components.espressif.com
      require: private
      version: '>=1.0'
    - name: idf
      require: private
      version: '>=5.0'
    source:
      registry_url: https://components.espressif.com
      type: service
    version: 1.0.33
  espp/math:
    component_hash: e17d2f738174843a4e0ccc6d45c161e56077643f063484f184f645e469a52faa
    dependencies:
    - name: espp/format
      registry_url: https://components.espressif.com
      require: private
      version: '>=1.0'
    - name: idf
      require: private
      version: '>=5.0'
    source:
      registry_url: https://components.espressif.com
      type: service
    version: 1.0.33
  espp/task:
    component_hash: 82c7bbafb07f7e7f2e5b4813ad3a03c48458dcb0027c19ef8c834ef91771ff49
    dependencies:
    - name: espp/base_component
      registry_url: https://components.espressif.com
      require: private
      version: '>=1.0'
    - name: idf
      require: private
      version: '>=5.0'
    source:
      registry_url: https://components.espressif.com
      type: service
    version: 1.0.33
  espp/utils:
    component_hash: 3df082f3b1461accc966283bc91d315f7e275e67d63ccea8999a11b32596967c
    dependencies:
    - name: idf
      require: private
      version: '>=5.0'
    source:
      registry_url: https://components.espressif.com
      type: service
    version: 1.0.33
  espressif/esp-dsp:
    component_hash: 42dce32d46ac93dc11f60d368e29a830e9661c7345d794b8a45c343479cae636
    dependencies:
    - name: idf
      require: private
      version: '>=4.2'
    source:
      registry_url: https://components.espressif.com
      type: service
    version: 1.7.0
  h2zero/esp-nimble-cpp:
    component_hash: ecdcabe83333948495103f9d62e4ecb651bff866fce123d00bfc106baa383e54
    dependencies:
    - name: espressif/esp_hosted
      registry_url: https://components.espressif.com
      require: private
      rules:
      - if: target in [esp32p4]
      version: '*'
    - name: espressif/esp_wifi_remote
      registry_url: https://components.espressif.com
      require: private
      rules:
      - if: target in [esp32p4]
      version: '>=0.5.3'
    - name: idf
      require: private
      rules:
      - if: target in [esp32p4]
      version: '>=5.3.0'
    source:
      registry_url: https://components.espressif.com
      type: service
    version: 2.3.4
  idf:
    source:
      type: idf
    version: 5.5.1
direct_dependencies:
- espp/ble_gatt_server
- espp/filters
- espp/i2c
- espp/icm20948
- idf
manifest_hash: d5df358e63b49164afda014befc2370e421fdc79b1082254ef8a0a9ee8fc4760
target: esp32s3
version: 2.0.0
