dependencies:
  espp/adc:
    component_hash: 0965bd54de01d9bc30ea961929f7a3252518cea38dc72718f5a05cfe09dc4a49
    dependencies:
    - name: espp/base_component
      registry_url: https://components.espressif.com
      require: private
      version: '>=1.0'
    - name: espp/task
      registry_url: https://components.espressif.com
      require: private
      version: '>=1.0'
    - name: idf
      require: private
      version: '>=5.0'
    source:
      registry_url: https://components.espressif.com/
      type: service
    version: 1.0.34
  espp/base_component:
    component_hash: 695b1a9985af8b7ce74f0750b46e67d82fb7e5e847bcb6f82c29c7ca52b2e297
    dependencies:
    - name: espp/logger
      registry_url: https://components.espressif.com
      require: private
      version: '>=1.0'
    - name: idf
      require: private
      version: '>=5.0'
    source:
      registry_url: https://components.espressif.com
      type: service
    version: 1.0.34
  espp/base_peripheral:
    component_hash: 75ba52ffa349e18308e3068d07f429ea9137bde83d1c54f376fbde0faa8c79b4
    dependencies:
    - name: espp/base_component
      registry_url: https://components.espressif.com
      require: private
      version: '>=1.0'
    - name: idf
      require: private
      version: '>=5.0'
    source:
      registry_url: https://components.espressif.com
      type: service
    version: 1.0.34
  espp/ble_gatt_server:
    component_hash: 8d6f982a8ac2b959d8bf423f665e790e8161dff8c0da7e706767d67c6e02d045
    dependencies:
    - name: espp/base_component
      registry_url: https://components.espressif.com
      require: private
      version: '>=1.0'
    - name: espp/cli
      registry_url: https://components.espressif.com
      require: private
      version: '>=1.0'
    - name: h2zero/esp-nimble-cpp
      registry_url: https://components.espressif.com
      require: private
      version: '>=2.3.0'
    - name: idf
      require: private
      version: '>=5.4'
    source:
      registry_url: https://components.espressif.com/
      type: service
    version: 1.0.34
  espp/cli:
    component_hash: 1dec51f8c7367acd85c61e3e0b03e2adb43fd433bcb8924ac5f8fa395d930f3e
    dependencies:
    - name: espp/logger
      registry_url: https://components.espressif.com
      require: private
      version: '>=1.0'
    - name: idf
      require: private
      version: '>=5.0'
    source:
      registry_url: https://components.espressif.com
      type: service
    version: 1.0.34
  espp/filters:
    component_hash: 04521ce502928d2a7b8ce2aa78732367754b6789d8da3842da19dd76e991da23
    dependencies:
    - name: espp/format
      registry_url: https://components.espressif.com
      require: private
      version: '>=1.0'
    - name: espp/math
      registry_url: https://components.espressif.com
      require: private
      version: '>=1.0'
    - name: espressif/esp-dsp
      registry_url: https://components.espressif.com
      require: private
      version: '>=1.6.4'
    - name: idf
      require: private
      version: '>=5.0'
    source:
      registry_url: https://components.espressif.com/
      type: service
    version: 1.0.34
  espp/format:
    component_hash: 0bcf9e24c5748d8de5c5368941baed281b4951f68a84f1f20a178535c4e2da4b
    dependencies:
    - name: idf
      require: private
      version: '>=5.0'
    source:
      registry_url: https://components.espressif.com
      type: service
    version: 1.0.34
  espp/i2c:
    component_hash: 0a7dc171e52d954f60a53e989385ad27380deaf7fb7a8ad4899a62743705975f
    dependencies:
    - name: espp/base_component
      registry_url: https://components.espressif.com
      require: private
      version: '>=1.0'
    - name: espp/cli
      registry_url: https://components.espressif.com
      require: private
      version: '>=1.0'
    - name: espp/task
      registry_url: https://components.espressif.com
      require: private
      version: '>=1.0'
    - name: idf
      require: private
      version: '>=5.0'
    source:
      registry_url: https://components.espressif.com/
      type: service
    version: 1.0.34
  espp/icm20948:
    component_hash: 4c4bdbaa64d08d50560dc7975a762491158d04abe76c257468bb6e36d6a7b612
    dependencies:
    - name: espp/base_peripheral
      registry_url: https://components.espressif.com
      require: private
      version: '>=1.0'
    - name: espp/math
      registry_url: https://components.espressif.com
      require: private
      version: '>=1.0'
    - name: espp/utils
      registry_url: https://components.espressif.com
      require: private
      version: '>=1.0'
    - name: idf
      require: private
      version: '>=5.0'
    source:
      registry_url: https://components.espressif.com/
      type: service
    version: 1.0.34
  espp/logger:
    component_hash: 5ce7b81bbc402def13d580d9a9763b142118dd466903a3895d6dbcb1aa1cfb91
    dependencies:
    - name: espp/format
      registry_url: https://components.espressif.com
      require: private
      version: '>=1.0'
    - name: idf
      require: private
      version: '>=5.0'
    source:
      registry_url: https://components.espressif.com
      type: service
    version: 1.0.34
  espp/math:
    component_hash: e1eba27b1eff19350e6060e084ec545b0e884f0a09e0ae607a5b239fffd67cd4
    dependencies:
    - name: espp/format
      registry_url: https://components.espressif.com
      require: private
      version: '>=1.0'
    - name: idf
      require: private
      version: '>=5.0'
    source:
      registry_url: https://components.espressif.com
      type: service
    version: 1.0.34
  espp/task:
    component_hash: dbc4f984fd75947bb6578a24ad865dc2eb4a31b0e234be13899d09595a64c0cb
    dependencies:
    - name: espp/base_component
      registry_url: https://components.espressif.com
      require: private
      version: '>=1.0'
    - name: idf
      require: private
      version: '>=5.0'
    source:
      registry_url: https://components.espressif.com
      type: service
    version: 1.0.34
  espp/utils:
    component_hash: 53d4cfd605f4b12365f612ad53786e166c98ab5793aede4a79ad4807ad81e81e
    dependencies:
    - name: idf
      require: private
      version: '>=5.0'
    source:
      registry_url: https://components.espressif.com
      type: service
    version: 1.0.34
  espressif/esp-dsp:
    component_hash: 42dce32d46ac93dc11f60d368e29a830e9661c7345d794b8a45c343479cae636
    dependencies:
    - name: idf
      require: private
      version: '>=4.2'
    source:
      registry_url: https://components.espressif.com
      type: service
    version: 1.7.0
  h2zero/esp-nimble-cpp:
    component_hash: ecdcabe83333948495103f9d62e4ecb651bff866fce123d00bfc106baa383e54
    dependencies:
    - name: espressif/esp_hosted
      registry_url: https://components.espressif.com
      require: private
      rules:
      - if: target in [esp32p4]
      version: '*'
    - name: espressif/esp_wifi_remote
      registry_url: https://components.espressif.com
      require: private
      rules:
      - if: target in [esp32p4]
      version: '>=0.5.3'
    - name: idf
      require: private
      rules:
      - if: target in [esp32p4]
      version: '>=5.3.0'
    source:
      registry_url: https://components.espressif.com
      type: service
    version: 2.3.4
  idf:
    source:
      type: idf
    version: 5.5.1
direct_dependencies:
- espp/adc
- espp/ble_gatt_server
- espp/filters
- espp/i2c
- espp/icm20948
- idf
manifest_hash: 9c2c0af06cab123ac3ce4d9caa7f7a81ded284fafb2ba6584697be3afb4af7d4
target: esp32s3
version: 2.0.0
